// !$*UTF8*$!
{
	archiveVersion = 1;
	classes = {
	};
	objectVersion = 50;
	objects = {

/* Begin PBXBuildFile section */
		CE0AEE8C261F6AEE0030C1EC /* AppDelegate.swift in Sources */ = {isa = PBXBuildFile; fileRef = CE0AEE8B261F6AEE0030C1EC /* AppDelegate.swift */; };
		CE0AEE8E261F6AEE0030C1EC /* SceneDelegate.swift in Sources */ = {isa = PBXBuildFile; fileRef = CE0AEE8D261F6AEE0030C1EC /* SceneDelegate.swift */; };
		CE0AEE90261F6AEE0030C1EC /* AquariumViewController.swift in Sources */ = {isa = PBXBuildFile; fileRef = CE0AEE8F261F6AEE0030C1EC /* AquariumViewController.swift */; };
		CE0AEE93261F6AEE0030C1EC /* Main.storyboard in Resources */ = {isa = PBXBuildFile; fileRef = CE0AEE91261F6AEE0030C1EC /* Main.storyboard */; };
		CE0AEE95261F6AF10030C1EC /* Assets.xcassets in Resources */ = {isa = PBXBuildFile; fileRef = CE0AEE94261F6AF10030C1EC /* Assets.xcassets */; };
		CE0AEE98261F6AF10030C1EC /* LaunchScreen.storyboard in Resources */ = {isa = PBXBuildFile; fileRef = CE0AEE96261F6AF10030C1EC /* LaunchScreen.storyboard */; };
		CE0AEEA5261F6D1C0030C1EC /* Fish.swift in Sources */ = {isa = PBXBuildFile; fileRef = CE0AEEA4261F6D1C0030C1EC /* Fish.swift */; };
/* End PBXBuildFile section */

/* Begin PBXFileReference section */
		CE0AEE88261F6AEE0030C1EC /* aquarium.app */ = {isa = PBXFileReference; explicitFileType = wrapper.application; includeInIndex = 0; path = aquarium.app; sourceTree = BUILT_PRODUCTS_DIR; };
		CE0AEE8B261F6AEE0030C1EC /* AppDelegate.swift */ = {isa = PBXFileReference; lastKnownFileType = sourcecode.swift; path = AppDelegate.swift; sourceTree = "<group>"; };
		CE0AEE8D261F6AEE0030C1EC /* SceneDelegate.swift */ = {isa = PBXFileReference; lastKnownFileType = sourcecode.swift; path = SceneDelegate.swift; sourceTree = "<group>"; };
		CE0AEE8F261F6AEE0030C1EC /* AquariumViewController.swift */ = {isa = PBXFileReference; lastKnownFileType = sourcecode.swift; path = AquariumViewController.swift; sourceTree = "<group>"; };
		CE0AEE92261F6AEE0030C1EC /* Base */ = {isa = PBXFileReference; lastKnownFileType = file.storyboard; name = Base; path = Base.lproj/Main.storyboard; sourceTree = "<group>"; };
		CE0AEE94261F6AF10030C1EC /* Assets.xcassets */ = {isa = PBXFileReference; lastKnownFileType = folder.assetcatalog; path = Assets.xcassets; sourceTree = "<group>"; };
		CE0AEE97261F6AF10030C1EC /* Base */ = {isa = PBXFileReference; lastKnownFileType = file.storyboard; name = Base; path = Base.lproj/LaunchScreen.storyboard; sourceTree = "<group>"; };
		CE0AEE99261F6AF10030C1EC /* Info.plist */ = {isa = PBXFileReference; lastKnownFileType = text.plist.xml; path = Info.plist; sourceTree = "<group>"; };
		CE0AEEA4261F6D1C0030C1EC /* Fish.swift */ = {isa = PBXFileReference; lastKnownFileType = sourcecode.swift; path = Fish.swift; sourceTree = "<group>"; };
/* End PBXFileReference section */

/* Begin PBXFrameworksBuildPhase section */
		CE0AEE85261F6AEE0030C1EC /* Frameworks */ = {
			isa = PBXFrameworksBuildPhase;
			buildActionMask = 2147483647;
			files = (
			);
			runOnlyForDeploymentPostprocessing = 0;
		};
/* End PBXFrameworksBuildPhase section */

/* Begin PBXGroup section */
		CE0AEE7F261F6AEE0030C1EC = {
			isa = PBXGroup;
			children = (
				CE0AEE8A261F6AEE0030C1EC /* aquarium */,
				CE0AEE89261F6AEE0030C1EC /* Products */,
			);
			sourceTree = "<group>";
		};
		CE0AEE89261F6AEE0030C1EC /* Products */ = {
			isa = PBXGroup;
			children = (
				CE0AEE88261F6AEE0030C1EC /* aquarium.app */,
			);
			name = Products;
			sourceTree = "<group>";
		};
		CE0AEE8A261F6AEE0030C1EC /* aquarium */ = {
			isa = PBXGroup;
			children = (
				CE0AEEA2261F6CE80030C1EC /* Controller */,
				CE0AEEA1261F6CDE0030C1EC /* View */,
				CE0AEEA0261F6CD50030C1EC /* Model */,
				CE0AEE8B261F6AEE0030C1EC /* AppDelegate.swift */,
				CE0AEE8D261F6AEE0030C1EC /* SceneDelegate.swift */,
				CE0AEE94261F6AF10030C1EC /* Assets.xcassets */,
				CE0AEE96261F6AF10030C1EC /* LaunchScreen.storyboard */,
				CE0AEE99261F6AF10030C1EC /* Info.plist */,
			);
			path = aquarium;
			sourceTree = "<group>";
		};
		CE0AEEA0261F6CD50030C1EC /* Model */ = {
			isa = PBXGroup;
			children = (
				CE0AEEA4261F6D1C0030C1EC /* Fish.swift */,
			);
			path = Model;
			sourceTree = "<group>";
		};
		CE0AEEA1261F6CDE0030C1EC /* View */ = {
			isa = PBXGroup;
			children = (
				CE0AEE91261F6AEE0030C1EC /* Main.storyboard */,
			);
			path = View;
			sourceTree = "<group>";
		};
		CE0AEEA2261F6CE80030C1EC /* Controller */ = {
			isa = PBXGroup;
			children = (
				CE0AEE8F261F6AEE0030C1EC /* AquariumViewController.swift */,
			);
			path = Controller;
			sourceTree = "<group>";
		};
/* End PBXGroup section */

/* Begin PBXNativeTarget section */
		CE0AEE87261F6AEE0030C1EC /* aquarium */ = {
			isa = PBXNativeTarget;
			buildConfigurationList = CE0AEE9C261F6AF10030C1EC /* Build configuration list for PBXNativeTarget "aquarium" */;
			buildPhases = (
				CE0AEE84261F6AEE0030C1EC /* Sources */,
				CE0AEE85261F6AEE0030C1EC /* Frameworks */,
				CE0AEE86261F6AEE0030C1EC /* Resources */,
			);
			buildRules = (
			);
			dependencies = (
			);
			name = aquarium;
			productName = aquarium;
			productReference = CE0AEE88261F6AEE0030C1EC /* aquarium.app */;
			productType = "com.apple.product-type.application";
		};
/* End PBXNativeTarget section */

/* Begin PBXProject section */
		CE0AEE80261F6AEE0030C1EC /* Project object */ = {
			isa = PBXProject;
			attributes = {
				LastSwiftUpdateCheck = 1240;
				LastUpgradeCheck = 1240;
				TargetAttributes = {
					CE0AEE87261F6AEE0030C1EC = {
						CreatedOnToolsVersion = 12.4;
					};
				};
			};
			buildConfigurationList = CE0AEE83261F6AEE0030C1EC /* Build configuration list for PBXProject "aquarium" */;
			compatibilityVersion = "Xcode 9.3";
			developmentRegion = en;
			hasScannedForEncodings = 0;
			knownRegions = (
				en,
				Base,
			);
			mainGroup = CE0AEE7F261F6AEE0030C1EC;
			productRefGroup = CE0AEE89261F6AEE0030C1EC /* Products */;
			projectDirPath = "";
			projectRoot = "";
			targets = (
				CE0AEE87261F6AEE0030C1EC /* aquarium */,
			);
		};
/* End PBXProject section */

/* Begin PBXResourcesBuildPhase section */
		CE0AEE86261F6AEE0030C1EC /* Resources */ = {
			isa = PBXResourcesBuildPhase;
			buildActionMask = 2147483647;
			files = (
				CE0AEE98261F6AF10030C1EC /* LaunchScreen.storyboard in Resources */,
				CE0AEE95261F6AF10030C1EC /* Assets.xcassets in Resources */,
				CE0AEE93261F6AEE0030C1EC /* Main.storyboard in Resources */,
			);
			runOnlyForDeploymentPostprocessing = 0;
		};
/* End PBXResourcesBuildPhase section */

/* Begin PBXSourcesBuildPhase section */
		CE0AEE84261F6AEE0030C1EC /* Sources */ = {
			isa = PBXSourcesBuildPhase;
			buildActionMask = 2147483647;
			files = (
				CE0AEE90261F6AEE0030C1EC /* AquariumViewController.swift in Sources */,
				CE0AEE8C261F6AEE0030C1EC /* AppDelegate.swift in Sources */,
				CE0AEE8E261F6AEE0030C1EC /* SceneDelegate.swift in Sources */,
				CE0AEEA5261F6D1C0030C1EC /* Fish.swift in Sources */,
			);
			runOnlyForDeploymentPostprocessing = 0;
		};
/* End PBXSourcesBuildPhase section */

/* Begin PBXVariantGroup section */
		CE0AEE91261F6AEE0030C1EC /* Main.storyboard */ = {
			isa = PBXVariantGroup;
			children = (
				CE0AEE92261F6AEE0030C1EC /* Base */,
			);
			name = Main.storyboard;
			sourceTree = "<group>";
		};
		CE0AEE96261F6AF10030C1EC /* LaunchScreen.storyboard */ = {
			isa = PBXVariantGroup;
			children = (
				CE0AEE97261F6AF10030C1EC /* Base */,
			);
			name = LaunchScreen.storyboard;
			sourceTree = "<group>";
		};
/* End PBXVariantGroup section */

/* Begin XCBuildConfiguration section */
		CE0AEE9A261F6AF10030C1EC /* Debug */ = {
			isa = XCBuildConfiguration;
			buildSettings = {
				ALWAYS_SEARCH_USER_PATHS = NO;
				CLANG_ANALYZER_NONNULL = YES;
				CLANG_ANALYZER_NUMBER_OBJECT_CONVERSION = YES_AGGRESSIVE;
				CLANG_CXX_LANGUAGE_STANDARD = "gnu++14";
				CLANG_CXX_LIBRARY = "libc++";
				CLANG_ENABLE_MODULES = YES;
				CLANG_ENABLE_OBJC_ARC = YES;
				CLANG_ENABLE_OBJC_WEAK = YES;
				CLANG_WARN_BLOCK_CAPTURE_AUTORELEASING = YES;
				CLANG_WARN_BOOL_CONVERSION = YES;
				CLANG_WARN_COMMA = YES;
				CLANG_WARN_CONSTANT_CONVERSION = YES;
				CLANG_WARN_DEPRECATED_OBJC_IMPLEMENTATIONS = YES;
				CLANG_WARN_DIRECT_OBJC_ISA_USAGE = YES_ERROR;
				CLANG_WARN_DOCUMENTATION_COMMENTS = YES;
				CLANG_WARN_EMPTY_BODY = YES;
				CLANG_WARN_ENUM_CONVERSION = YES;
				CLANG_WARN_INFINITE_RECURSION = YES;
				CLANG_WARN_INT_CONVERSION = YES;
				CLANG_WARN_NON_LITERAL_NULL_CONVERSION = YES;
				CLANG_WARN_OBJC_IMPLICIT_RETAIN_SELF = YES;
				CLANG_WARN_OBJC_LITERAL_CONVERSION = YES;
				CLANG_WARN_OBJC_ROOT_CLASS = YES_ERROR;
				CLANG_WARN_QUOTED_INCLUDE_IN_FRAMEWORK_HEADER = YES;
				CLANG_WARN_RANGE_LOOP_ANALYSIS = YES;
				CLANG_WARN_STRICT_PROTOTYPES = YES;
				CLANG_WARN_SUSPICIOUS_MOVE = YES;
				CLANG_WARN_UNGUARDED_AVAILABILITY = YES_AGGRESSIVE;
				CLANG_WARN_UNREACHABLE_CODE = YES;
				CLANG_WARN__DUPLICATE_METHOD_MATCH = YES;
				COPY_PHASE_STRIP = NO;
				DEBUG_INFORMATION_FORMAT = dwarf;
				ENABLE_STRICT_OBJC_MSGSEND = YES;
				ENABLE_TESTABILITY = YES;
				GCC_C_LANGUAGE_STANDARD = gnu11;
				GCC_DYNAMIC_NO_PIC = NO;
				GCC_NO_COMMON_BLOCKS = YES;
				GCC_OPTIMIZATION_LEVEL = 0;
				GCC_PREPROCESSOR_DEFINITIONS = (
					"DEBUG=1",
					"$(inherited)",
				);
				GCC_WARN_64_TO_32_BIT_CONVERSION = YES;
				GCC_WARN_ABOUT_RETURN_TYPE = YES_ERROR;
				GCC_WARN_UNDECLARED_SELECTOR = YES;
				GCC_WARN_UNINITIALIZED_AUTOS = YES_AGGRESSIVE;
				GCC_WARN_UNUSED_FUNCTION = YES;
				GCC_WARN_UNUSED_VARIABLE = YES;
				IPHONEOS_DEPLOYMENT_TARGET = 14.4;
				MTL_ENABLE_DEBUG_INFO = INCLUDE_SOURCE;
				MTL_FAST_MATH = YES;
				ONLY_ACTIVE_ARCH = YES;
				SDKROOT = iphoneos;
				SWIFT_ACTIVE_COMPILATION_CONDITIONS = DEBUG;
				SWIFT_OPTIMIZATION_LEVEL = "-Onone";
			};
			name = Debug;
		};
		CE0AEE9B261F6AF10030C1EC /* Release */ = {
			isa = XCBuildConfiguration;
			buildSettings = {
				ALWAYS_SEARCH_USER_PATHS = NO;
				CLANG_ANALYZER_NONNULL = YES;
				CLANG_ANALYZER_NUMBER_OBJECT_CONVERSION = YES_AGGRESSIVE;
				CLANG_CXX_LANGUAGE_STANDARD = "gnu++14";
				CLANG_CXX_LIBRARY = "libc++";
				CLANG_ENABLE_MODULES = YES;
				CLANG_ENABLE_OBJC_ARC = YES;
				CLANG_ENABLE_OBJC_WEAK = YES;
				CLANG_WARN_BLOCK_CAPTURE_AUTORELEASING = YES;
				CLANG_WARN_BOOL_CONVERSION = YES;
				CLANG_WARN_COMMA = YES;
				CLANG_WARN_CONSTANT_CONVERSION = YES;
				CLANG_WARN_DEPRECATED_OBJC_IMPLEMENTATIONS = YES;
				CLANG_WARN_DIRECT_OBJC_ISA_USAGE = YES_ERROR;
				CLANG_WARN_DOCUMENTATION_COMMENTS = YES;
				CLANG_WARN_EMPTY_BODY = YES;
				CLANG_WARN_ENUM_CONVERSION = YES;
				CLANG_WARN_INFINITE_RECURSION = YES;
				CLANG_WARN_INT_CONVERSION = YES;
				CLANG_WARN_NON_LITERAL_NULL_CONVERSION = YES;
				CLANG_WARN_OBJC_IMPLICIT_RETAIN_SELF = YES;
				CLANG_WARN_OBJC_LITERAL_CONVERSION = YES;
				CLANG_WARN_OBJC_ROOT_CLASS = YES_ERROR;
				CLANG_WARN_QUOTED_INCLUDE_IN_FRAMEWORK_HEADER = YES;
				CLANG_WARN_RANGE_LOOP_ANALYSIS = YES;
				CLANG_WARN_STRICT_PROTOTYPES = YES;
				CLANG_WARN_SUSPICIOUS_MOVE = YES;
				CLANG_WARN_UNGUARDED_AVAILABILITY = YES_AGGRESSIVE;
				CLANG_WARN_UNREACHABLE_CODE = YES;
				CLANG_WARN__DUPLICATE_METHOD_MATCH = YES;
				COPY_PHASE_STRIP = NO;
				DEBUG_INFORMATION_FORMAT = "dwarf-with-dsym";
				ENABLE_NS_ASSERTIONS = NO;
				ENABLE_STRICT_OBJC_MSGSEND = YES;
				GCC_C_LANGUAGE_STANDARD = gnu11;
				GCC_NO_COMMON_BLOCKS = YES;
				GCC_WARN_64_TO_32_BIT_CONVERSION = YES;
				GCC_WARN_ABOUT_RETURN_TYPE = YES_ERROR;
				GCC_WARN_UNDECLARED_SELECTOR = YES;
				GCC_WARN_UNINITIALIZED_AUTOS = YES_AGGRESSIVE;
				GCC_WARN_UNUSED_FUNCTION = YES;
				GCC_WARN_UNUSED_VARIABLE = YES;
				IPHONEOS_DEPLOYMENT_TARGET = 14.4;
				MTL_ENABLE_DEBUG_INFO = NO;
				MTL_FAST_MATH = YES;
				SDKROOT = iphoneos;
				SWIFT_COMPILATION_MODE = wholemodule;
				SWIFT_OPTIMIZATION_LEVEL = "-O";
				VALIDATE_PRODUCT = YES;
			};
			name = Release;
		};
		CE0AEE9D261F6AF10030C1EC /* Debug */ = {
			isa = XCBuildConfiguration;
			buildSettings = {
				ASSETCATALOG_COMPILER_APPICON_NAME = AppIcon;
				ASSETCATALOG_COMPILER_GLOBAL_ACCENT_COLOR_NAME = AccentColor;
				CODE_SIGN_STYLE = Automatic;
				INFOPLIST_FILE = aquarium/Info.plist;
				LD_RUNPATH_SEARCH_PATHS = (
					"$(inherited)",
					"@executable_path/Frameworks",
				);
				PRODUCT_BUNDLE_IDENTIFIER = com.stepanov.aquarium;
				PRODUCT_NAME = "$(TARGET_NAME)";
				SWIFT_VERSION = 5.0;
				TARGETED_DEVICE_FAMILY = "1,2";
			};
			name = Debug;
		};
		CE0AEE9E261F6AF10030C1EC /* Release */ = {
			isa = XCBuildConfiguration;
			buildSettings = {
				ASSETCATALOG_COMPILER_APPICON_NAME = AppIcon;
				ASSETCATALOG_COMPILER_GLOBAL_ACCENT_COLOR_NAME = AccentColor;
				CODE_SIGN_STYLE = Automatic;
				INFOPLIST_FILE = aquarium/Info.plist;
				LD_RUNPATH_SEARCH_PATHS = (
					"$(inherited)",
					"@executable_path/Frameworks",
				);
				PRODUCT_BUNDLE_IDENTIFIER = com.stepanov.aquarium;
				PRODUCT_NAME = "$(TARGET_NAME)";
				SWIFT_VERSION = 5.0;
				TARGETED_DEVICE_FAMILY = "1,2";
			};
			name = Release;
		};
/* End XCBuildConfiguration section */

/* Begin XCConfigurationList section */
		CE0AEE83261F6AEE0030C1EC /* Build configuration list for PBXProject "aquarium" */ = {
			isa = XCConfigurationList;
			buildConfigurations = (
				CE0AEE9A261F6AF10030C1EC /* Debug */,
				CE0AEE9B261F6AF10030C1EC /* Release */,
			);
			defaultConfigurationIsVisible = 0;
			defaultConfigurationName = Release;
		};
		CE0AEE9C261F6AF10030C1EC /* Build configuration list for PBXNativeTarget "aquarium" */ = {
			isa = XCConfigurationList;
			buildConfigurations = (
				CE0AEE9D261F6AF10030C1EC /* Debug */,
				CE0AEE9E261F6AF10030C1EC /* Release */,
			);
			defaultConfigurationIsVisible = 0;
			defaultConfigurationName = Release;
		};
/* End XCConfigurationList section */
	};
	rootObject = CE0AEE80261F6AEE0030C1EC /* Project object */;
}
